// !$*UTF8*$!
{
	archiveVersion = 1;
	classes = {
	};
	objectVersion = 46;
	objects = {

/* Begin PBXBuildFile section */
		E20A269D1E8AAE6600D31CE3 /* PulseReplicator.swift in Sources */ = {isa = PBXBuildFile; fileRef = E20A269C1E8AAE6600D31CE3 /* PulseReplicator.swift */; };
		E215EF1A1E7C34C800B29E9F /* ShareButton.swift in Sources */ = {isa = PBXBuildFile; fileRef = E215EF191E7C34C800B29E9F /* ShareButton.swift */; };
		E21E0CF21E8E68C30073BC12 /* CircleActivityIndicator.swift in Sources */ = {isa = PBXBuildFile; fileRef = E21E0CF11E8E68C30073BC12 /* CircleActivityIndicator.swift */; };
		E2573BDA1E89133500F5B329 /* Replicator.swift in Sources */ = {isa = PBXBuildFile; fileRef = E2573BD91E89133500F5B329 /* Replicator.swift */; };
		E282DE921E939B3C009BE85C /* Stack.swift in Sources */ = {isa = PBXBuildFile; fileRef = E282DE911E939B3C009BE85C /* Stack.swift */; };
		E2A349F21E66D1BC0058FFFD /* AppDelegate.swift in Sources */ = {isa = PBXBuildFile; fileRef = E2A349F11E66D1BC0058FFFD /* AppDelegate.swift */; };
		E2A349F41E66D1BC0058FFFD /* ViewController.swift in Sources */ = {isa = PBXBuildFile; fileRef = E2A349F31E66D1BC0058FFFD /* ViewController.swift */; };
		E2A349F71E66D1BC0058FFFD /* Main.storyboard in Resources */ = {isa = PBXBuildFile; fileRef = E2A349F51E66D1BC0058FFFD /* Main.storyboard */; };
		E2A349F91E66D1BC0058FFFD /* Assets.xcassets in Resources */ = {isa = PBXBuildFile; fileRef = E2A349F81E66D1BC0058FFFD /* Assets.xcassets */; };
		E2A349FC1E66D1BC0058FFFD /* LaunchScreen.storyboard in Resources */ = {isa = PBXBuildFile; fileRef = E2A349FA1E66D1BC0058FFFD /* LaunchScreen.storyboard */; };
		E2A34A071E66D1BC0058FFFD /* AnimationsTests.swift in Sources */ = {isa = PBXBuildFile; fileRef = E2A34A061E66D1BC0058FFFD /* AnimationsTests.swift */; };
		E2F608931E7FED2F00E374D9 /* Animatable.swift in Sources */ = {isa = PBXBuildFile; fileRef = E2F608921E7FED2F00E374D9 /* Animatable.swift */; };
		E2F608951E8289F500E374D9 /* ShareTypeButton.swift in Sources */ = {isa = PBXBuildFile; fileRef = E2F608941E8289F500E374D9 /* ShareTypeButton.swift */; };
		E2FB82761E66DD1600F5F15C /* NotifyButton.swift in Sources */ = {isa = PBXBuildFile; fileRef = E2FB82751E66DD1600F5F15C /* NotifyButton.swift */; };
/* End PBXBuildFile section */

/* Begin PBXContainerItemProxy section */
		E2A34A031E66D1BC0058FFFD /* PBXContainerItemProxy */ = {
			isa = PBXContainerItemProxy;
			containerPortal = E2A349E61E66D1BC0058FFFD /* Project object */;
			proxyType = 1;
			remoteGlobalIDString = E2A349ED1E66D1BC0058FFFD;
			remoteInfo = Animations;
		};
/* End PBXContainerItemProxy section */

/* Begin PBXFileReference section */
		E20A269C1E8AAE6600D31CE3 /* PulseReplicator.swift */ = {isa = PBXFileReference; fileEncoding = 4; lastKnownFileType = sourcecode.swift; path = PulseReplicator.swift; sourceTree = "<group>"; };
		E215EF191E7C34C800B29E9F /* ShareButton.swift */ = {isa = PBXFileReference; fileEncoding = 4; lastKnownFileType = sourcecode.swift; path = ShareButton.swift; sourceTree = "<group>"; };
		E21E0CF11E8E68C30073BC12 /* CircleActivityIndicator.swift */ = {isa = PBXFileReference; fileEncoding = 4; lastKnownFileType = sourcecode.swift; path = CircleActivityIndicator.swift; sourceTree = "<group>"; };
		E2573BD91E89133500F5B329 /* Replicator.swift */ = {isa = PBXFileReference; fileEncoding = 4; lastKnownFileType = sourcecode.swift; path = Replicator.swift; sourceTree = "<group>"; };
		E282DE911E939B3C009BE85C /* Stack.swift */ = {isa = PBXFileReference; fileEncoding = 4; lastKnownFileType = sourcecode.swift; path = Stack.swift; sourceTree = "<group>"; };
		E2A349EE1E66D1BC0058FFFD /* Animations.app */ = {isa = PBXFileReference; explicitFileType = wrapper.application; includeInIndex = 0; path = Animations.app; sourceTree = BUILT_PRODUCTS_DIR; };
		E2A349F11E66D1BC0058FFFD /* AppDelegate.swift */ = {isa = PBXFileReference; lastKnownFileType = sourcecode.swift; path = AppDelegate.swift; sourceTree = "<group>"; };
		E2A349F31E66D1BC0058FFFD /* ViewController.swift */ = {isa = PBXFileReference; lastKnownFileType = sourcecode.swift; path = ViewController.swift; sourceTree = "<group>"; };
		E2A349F61E66D1BC0058FFFD /* Base */ = {isa = PBXFileReference; lastKnownFileType = file.storyboard; name = Base; path = Base.lproj/Main.storyboard; sourceTree = "<group>"; };
		E2A349F81E66D1BC0058FFFD /* Assets.xcassets */ = {isa = PBXFileReference; lastKnownFileType = folder.assetcatalog; path = Assets.xcassets; sourceTree = "<group>"; };
		E2A349FB1E66D1BC0058FFFD /* Base */ = {isa = PBXFileReference; lastKnownFileType = file.storyboard; name = Base; path = Base.lproj/LaunchScreen.storyboard; sourceTree = "<group>"; };
		E2A349FD1E66D1BC0058FFFD /* Info.plist */ = {isa = PBXFileReference; lastKnownFileType = text.plist.xml; path = Info.plist; sourceTree = "<group>"; };
		E2A34A021E66D1BC0058FFFD /* AnimationsTests.xctest */ = {isa = PBXFileReference; explicitFileType = wrapper.cfbundle; includeInIndex = 0; path = AnimationsTests.xctest; sourceTree = BUILT_PRODUCTS_DIR; };
		E2A34A061E66D1BC0058FFFD /* AnimationsTests.swift */ = {isa = PBXFileReference; lastKnownFileType = sourcecode.swift; path = AnimationsTests.swift; sourceTree = "<group>"; };
		E2A34A081E66D1BC0058FFFD /* Info.plist */ = {isa = PBXFileReference; lastKnownFileType = text.plist.xml; path = Info.plist; sourceTree = "<group>"; };
		E2F608921E7FED2F00E374D9 /* Animatable.swift */ = {isa = PBXFileReference; fileEncoding = 4; lastKnownFileType = sourcecode.swift; path = Animatable.swift; sourceTree = "<group>"; };
		E2F608941E8289F500E374D9 /* ShareTypeButton.swift */ = {isa = PBXFileReference; fileEncoding = 4; lastKnownFileType = sourcecode.swift; path = ShareTypeButton.swift; sourceTree = "<group>"; };
		E2FB82751E66DD1600F5F15C /* NotifyButton.swift */ = {isa = PBXFileReference; fileEncoding = 4; lastKnownFileType = sourcecode.swift; path = NotifyButton.swift; sourceTree = "<group>"; };
/* End PBXFileReference section */

/* Begin PBXFrameworksBuildPhase section */
		E2A349EB1E66D1BC0058FFFD /* Frameworks */ = {
			isa = PBXFrameworksBuildPhase;
			buildActionMask = 2147483647;
			files = (
			);
			runOnlyForDeploymentPostprocessing = 0;
		};
		E2A349FF1E66D1BC0058FFFD /* Frameworks */ = {
			isa = PBXFrameworksBuildPhase;
			buildActionMask = 2147483647;
			files = (
			);
			runOnlyForDeploymentPostprocessing = 0;
		};
/* End PBXFrameworksBuildPhase section */

/* Begin PBXGroup section */
		E215EF181E7C34AB00B29E9F /* Share */ = {
			isa = PBXGroup;
			children = (
				E215EF191E7C34C800B29E9F /* ShareButton.swift */,
				E2F608941E8289F500E374D9 /* ShareTypeButton.swift */,
			);
			path = Share;
			sourceTree = "<group>";
		};
		E21E0CF01E8E68740073BC12 /* ActivityIndicator */ = {
			isa = PBXGroup;
			children = (
				E21E0CF11E8E68C30073BC12 /* CircleActivityIndicator.swift */,
			);
			path = ActivityIndicator;
			sourceTree = "<group>";
		};
		E2573BD81E8912F400F5B329 /* Replicator */ = {
			isa = PBXGroup;
			children = (
				E2573BD91E89133500F5B329 /* Replicator.swift */,
				E20A269C1E8AAE6600D31CE3 /* PulseReplicator.swift */,
			);
			path = Replicator;
			sourceTree = "<group>";
		};
		E282DE901E939AF7009BE85C /* Helper */ = {
			isa = PBXGroup;
			children = (
				E282DE911E939B3C009BE85C /* Stack.swift */,
			);
			path = Helper;
			sourceTree = "<group>";
		};
		E2A349E51E66D1BC0058FFFD = {
			isa = PBXGroup;
			children = (
				E2A349F01E66D1BC0058FFFD /* Animations */,
				E2A34A051E66D1BC0058FFFD /* AnimationsTests */,
				E2A349EF1E66D1BC0058FFFD /* Products */,
			);
			sourceTree = "<group>";
		};
		E2A349EF1E66D1BC0058FFFD /* Products */ = {
			isa = PBXGroup;
			children = (
				E2A349EE1E66D1BC0058FFFD /* Animations.app */,
				E2A34A021E66D1BC0058FFFD /* AnimationsTests.xctest */,
			);
			name = Products;
			sourceTree = "<group>";
		};
		E2A349F01E66D1BC0058FFFD /* Animations */ = {
			isa = PBXGroup;
			children = (
				E282DE901E939AF7009BE85C /* Helper */,
				E2FB82771E66DE0800F5F15C /* View */,
				E2A349F11E66D1BC0058FFFD /* AppDelegate.swift */,
				E2A349F31E66D1BC0058FFFD /* ViewController.swift */,
				E2A349F51E66D1BC0058FFFD /* Main.storyboard */,
				E2A349F81E66D1BC0058FFFD /* Assets.xcassets */,
				E2A349FA1E66D1BC0058FFFD /* LaunchScreen.storyboard */,
				E2A349FD1E66D1BC0058FFFD /* Info.plist */,
			);
			path = Animations;
			sourceTree = "<group>";
		};
		E2A34A051E66D1BC0058FFFD /* AnimationsTests */ = {
			isa = PBXGroup;
			children = (
				E2A34A061E66D1BC0058FFFD /* AnimationsTests.swift */,
				E2A34A081E66D1BC0058FFFD /* Info.plist */,
			);
			path = AnimationsTests;
			sourceTree = "<group>";
		};
		E2F608911E7FECC200E374D9 /* Protocols */ = {
			isa = PBXGroup;
			children = (
				E2F608921E7FED2F00E374D9 /* Animatable.swift */,
			);
			path = Protocols;
			sourceTree = "<group>";
		};
		E2FB82771E66DE0800F5F15C /* View */ = {
			isa = PBXGroup;
			children = (
				E21E0CF01E8E68740073BC12 /* ActivityIndicator */,
				E2573BD81E8912F400F5B329 /* Replicator */,
				E2F608911E7FECC200E374D9 /* Protocols */,
				E215EF181E7C34AB00B29E9F /* Share */,
				E2FB82781E66DE0D00F5F15C /* Notify */,
			);
			path = View;
			sourceTree = "<group>";
		};
		E2FB82781E66DE0D00F5F15C /* Notify */ = {
			isa = PBXGroup;
			children = (
				E2FB82751E66DD1600F5F15C /* NotifyButton.swift */,
			);
			path = Notify;
			sourceTree = "<group>";
		};
/* End PBXGroup section */

/* Begin PBXNativeTarget section */
		E2A349ED1E66D1BC0058FFFD /* Animations */ = {
			isa = PBXNativeTarget;
			buildConfigurationList = E2A34A0B1E66D1BC0058FFFD /* Build configuration list for PBXNativeTarget "Animations" */;
			buildPhases = (
				E2A349EA1E66D1BC0058FFFD /* Sources */,
				E2A349EB1E66D1BC0058FFFD /* Frameworks */,
				E2A349EC1E66D1BC0058FFFD /* Resources */,
			);
			buildRules = (
			);
			dependencies = (
			);
			name = Animations;
			productName = Animations;
			productReference = E2A349EE1E66D1BC0058FFFD /* Animations.app */;
			productType = "com.apple.product-type.application";
		};
		E2A34A011E66D1BC0058FFFD /* AnimationsTests */ = {
			isa = PBXNativeTarget;
			buildConfigurationList = E2A34A0E1E66D1BC0058FFFD /* Build configuration list for PBXNativeTarget "AnimationsTests" */;
			buildPhases = (
				E2A349FE1E66D1BC0058FFFD /* Sources */,
				E2A349FF1E66D1BC0058FFFD /* Frameworks */,
				E2A34A001E66D1BC0058FFFD /* Resources */,
			);
			buildRules = (
			);
			dependencies = (
				E2A34A041E66D1BC0058FFFD /* PBXTargetDependency */,
			);
			name = AnimationsTests;
			productName = AnimationsTests;
			productReference = E2A34A021E66D1BC0058FFFD /* AnimationsTests.xctest */;
			productType = "com.apple.product-type.bundle.unit-test";
		};
/* End PBXNativeTarget section */

/* Begin PBXProject section */
		E2A349E61E66D1BC0058FFFD /* Project object */ = {
			isa = PBXProject;
			attributes = {
				LastSwiftUpdateCheck = 0820;
				LastUpgradeCheck = 0820;
				ORGANIZATIONNAME = "Octo-RCO";
				TargetAttributes = {
					E2A349ED1E66D1BC0058FFFD = {
						CreatedOnToolsVersion = 8.2.1;
						DevelopmentTeam = R2EXFBAHGS;
						ProvisioningStyle = Automatic;
					};
					E2A34A011E66D1BC0058FFFD = {
						CreatedOnToolsVersion = 8.2.1;
						DevelopmentTeam = R2EXFBAHGS;
						ProvisioningStyle = Automatic;
						TestTargetID = E2A349ED1E66D1BC0058FFFD;
					};
				};
			};
			buildConfigurationList = E2A349E91E66D1BC0058FFFD /* Build configuration list for PBXProject "Animations" */;
			compatibilityVersion = "Xcode 3.2";
			developmentRegion = English;
			hasScannedForEncodings = 0;
			knownRegions = (
				en,
				Base,
			);
			mainGroup = E2A349E51E66D1BC0058FFFD;
			productRefGroup = E2A349EF1E66D1BC0058FFFD /* Products */;
			projectDirPath = "";
			projectRoot = "";
			targets = (
				E2A349ED1E66D1BC0058FFFD /* Animations */,
				E2A34A011E66D1BC0058FFFD /* AnimationsTests */,
			);
		};
/* End PBXProject section */

/* Begin PBXResourcesBuildPhase section */
		E2A349EC1E66D1BC0058FFFD /* Resources */ = {
			isa = PBXResourcesBuildPhase;
			buildActionMask = 2147483647;
			files = (
				E2A349FC1E66D1BC0058FFFD /* LaunchScreen.storyboard in Resources */,
				E2A349F91E66D1BC0058FFFD /* Assets.xcassets in Resources */,
				E2A349F71E66D1BC0058FFFD /* Main.storyboard in Resources */,
			);
			runOnlyForDeploymentPostprocessing = 0;
		};
		E2A34A001E66D1BC0058FFFD /* Resources */ = {
			isa = PBXResourcesBuildPhase;
			buildActionMask = 2147483647;
			files = (
			);
			runOnlyForDeploymentPostprocessing = 0;
		};
/* End PBXResourcesBuildPhase section */

/* Begin PBXSourcesBuildPhase section */
		E2A349EA1E66D1BC0058FFFD /* Sources */ = {
			isa = PBXSourcesBuildPhase;
			buildActionMask = 2147483647;
			files = (
				E282DE921E939B3C009BE85C /* Stack.swift in Sources */,
				E2A349F41E66D1BC0058FFFD /* ViewController.swift in Sources */,
				E2A349F21E66D1BC0058FFFD /* AppDelegate.swift in Sources */,
				E2FB82761E66DD1600F5F15C /* NotifyButton.swift in Sources */,
				E2F608951E8289F500E374D9 /* ShareTypeButton.swift in Sources */,
				E2573BDA1E89133500F5B329 /* Replicator.swift in Sources */,
				E21E0CF21E8E68C30073BC12 /* CircleActivityIndicator.swift in Sources */,
				E215EF1A1E7C34C800B29E9F /* ShareButton.swift in Sources */,
				E20A269D1E8AAE6600D31CE3 /* PulseReplicator.swift in Sources */,
				E2F608931E7FED2F00E374D9 /* Animatable.swift in Sources */,
			);
			runOnlyForDeploymentPostprocessing = 0;
		};
		E2A349FE1E66D1BC0058FFFD /* Sources */ = {
			isa = PBXSourcesBuildPhase;
			buildActionMask = 2147483647;
			files = (
				E2A34A071E66D1BC0058FFFD /* AnimationsTests.swift in Sources */,
			);
			runOnlyForDeploymentPostprocessing = 0;
		};
/* End PBXSourcesBuildPhase section */

/* Begin PBXTargetDependency section */
		E2A34A041E66D1BC0058FFFD /* PBXTargetDependency */ = {
			isa = PBXTargetDependency;
			target = E2A349ED1E66D1BC0058FFFD /* Animations */;
			targetProxy = E2A34A031E66D1BC0058FFFD /* PBXContainerItemProxy */;
		};
/* End PBXTargetDependency section */

/* Begin PBXVariantGroup section */
		E2A349F51E66D1BC0058FFFD /* Main.storyboard */ = {
			isa = PBXVariantGroup;
			children = (
				E2A349F61E66D1BC0058FFFD /* Base */,
			);
			name = Main.storyboard;
			sourceTree = "<group>";
		};
		E2A349FA1E66D1BC0058FFFD /* LaunchScreen.storyboard */ = {
			isa = PBXVariantGroup;
			children = (
				E2A349FB1E66D1BC0058FFFD /* Base */,
			);
			name = LaunchScreen.storyboard;
			sourceTree = "<group>";
		};
/* End PBXVariantGroup section */

/* Begin XCBuildConfiguration section */
		E2A34A091E66D1BC0058FFFD /* Debug */ = {
			isa = XCBuildConfiguration;
			buildSettings = {
				ALWAYS_SEARCH_USER_PATHS = NO;
				CLANG_ANALYZER_NONNULL = YES;
				CLANG_CXX_LANGUAGE_STANDARD = "gnu++0x";
				CLANG_CXX_LIBRARY = "libc++";
				CLANG_ENABLE_MODULES = YES;
				CLANG_ENABLE_OBJC_ARC = YES;
				CLANG_WARN_BOOL_CONVERSION = YES;
				CLANG_WARN_CONSTANT_CONVERSION = YES;
				CLANG_WARN_DIRECT_OBJC_ISA_USAGE = YES_ERROR;
				CLANG_WARN_DOCUMENTATION_COMMENTS = YES;
				CLANG_WARN_EMPTY_BODY = YES;
				CLANG_WARN_ENUM_CONVERSION = YES;
				CLANG_WARN_INFINITE_RECURSION = YES;
				CLANG_WARN_INT_CONVERSION = YES;
				CLANG_WARN_OBJC_ROOT_CLASS = YES_ERROR;
				CLANG_WARN_SUSPICIOUS_MOVE = YES;
				CLANG_WARN_UNREACHABLE_CODE = YES;
				CLANG_WARN__DUPLICATE_METHOD_MATCH = YES;
				"CODE_SIGN_IDENTITY[sdk=iphoneos*]" = "iPhone Developer";
				COPY_PHASE_STRIP = NO;
				DEBUG_INFORMATION_FORMAT = dwarf;
				ENABLE_STRICT_OBJC_MSGSEND = YES;
				ENABLE_TESTABILITY = YES;
				GCC_C_LANGUAGE_STANDARD = gnu99;
				GCC_DYNAMIC_NO_PIC = NO;
				GCC_NO_COMMON_BLOCKS = YES;
				GCC_OPTIMIZATION_LEVEL = 0;
				GCC_PREPROCESSOR_DEFINITIONS = (
					"DEBUG=1",
					"$(inherited)",
				);
				GCC_WARN_64_TO_32_BIT_CONVERSION = YES;
				GCC_WARN_ABOUT_RETURN_TYPE = YES_ERROR;
				GCC_WARN_UNDECLARED_SELECTOR = YES;
				GCC_WARN_UNINITIALIZED_AUTOS = YES_AGGRESSIVE;
				GCC_WARN_UNUSED_FUNCTION = YES;
				GCC_WARN_UNUSED_VARIABLE = YES;
				IPHONEOS_DEPLOYMENT_TARGET = 10.2;
				MTL_ENABLE_DEBUG_INFO = YES;
				ONLY_ACTIVE_ARCH = YES;
				SDKROOT = iphoneos;
				SWIFT_ACTIVE_COMPILATION_CONDITIONS = DEBUG;
				SWIFT_OPTIMIZATION_LEVEL = "-Onone";
				TARGETED_DEVICE_FAMILY = "1,2";
			};
			name = Debug;
		};
		E2A34A0A1E66D1BC0058FFFD /* Release */ = {
			isa = XCBuildConfiguration;
			buildSettings = {
				ALWAYS_SEARCH_USER_PATHS = NO;
				CLANG_ANALYZER_NONNULL = YES;
				CLANG_CXX_LANGUAGE_STANDARD = "gnu++0x";
				CLANG_CXX_LIBRARY = "libc++";
				CLANG_ENABLE_MODULES = YES;
				CLANG_ENABLE_OBJC_ARC = YES;
				CLANG_WARN_BOOL_CONVERSION = YES;
				CLANG_WARN_CONSTANT_CONVERSION = YES;
				CLANG_WARN_DIRECT_OBJC_ISA_USAGE = YES_ERROR;
				CLANG_WARN_DOCUMENTATION_COMMENTS = YES;
				CLANG_WARN_EMPTY_BODY = YES;
				CLANG_WARN_ENUM_CONVERSION = YES;
				CLANG_WARN_INFINITE_RECURSION = YES;
				CLANG_WARN_INT_CONVERSION = YES;
				CLANG_WARN_OBJC_ROOT_CLASS = YES_ERROR;
				CLANG_WARN_SUSPICIOUS_MOVE = YES;
				CLANG_WARN_UNREACHABLE_CODE = YES;
				CLANG_WARN__DUPLICATE_METHOD_MATCH = YES;
				"CODE_SIGN_IDENTITY[sdk=iphoneos*]" = "iPhone Developer";
				COPY_PHASE_STRIP = NO;
				DEBUG_INFORMATION_FORMAT = "dwarf-with-dsym";
				ENABLE_NS_ASSERTIONS = NO;
				ENABLE_STRICT_OBJC_MSGSEND = YES;
				GCC_C_LANGUAGE_STANDARD = gnu99;
				GCC_NO_COMMON_BLOCKS = YES;
				GCC_WARN_64_TO_32_BIT_CONVERSION = YES;
				GCC_WARN_ABOUT_RETURN_TYPE = YES_ERROR;
				GCC_WARN_UNDECLARED_SELECTOR = YES;
				GCC_WARN_UNINITIALIZED_AUTOS = YES_AGGRESSIVE;
				GCC_WARN_UNUSED_FUNCTION = YES;
				GCC_WARN_UNUSED_VARIABLE = YES;
				IPHONEOS_DEPLOYMENT_TARGET = 10.2;
				MTL_ENABLE_DEBUG_INFO = NO;
				SDKROOT = iphoneos;
				SWIFT_OPTIMIZATION_LEVEL = "-Owholemodule";
				TARGETED_DEVICE_FAMILY = "1,2";
				VALIDATE_PRODUCT = YES;
			};
			name = Release;
		};
		E2A34A0C1E66D1BC0058FFFD /* Debug */ = {
			isa = XCBuildConfiguration;
			buildSettings = {
				ASSETCATALOG_COMPILER_APPICON_NAME = AppIcon;
				DEVELOPMENT_TEAM = R2EXFBAHGS;
				INFOPLIST_FILE = Animations/Info.plist;
				LD_RUNPATH_SEARCH_PATHS = "$(inherited) @executable_path/Frameworks";
				PRODUCT_BUNDLE_IDENTIFIER = com.renal.anim.Animations;
				PRODUCT_NAME = "$(TARGET_NAME)";
				SWIFT_VERSION = 4.0;
			};
			name = Debug;
		};
		E2A34A0D1E66D1BC0058FFFD /* Release */ = {
			isa = XCBuildConfiguration;
			buildSettings = {
				ASSETCATALOG_COMPILER_APPICON_NAME = AppIcon;
				DEVELOPMENT_TEAM = R2EXFBAHGS;
				INFOPLIST_FILE = Animations/Info.plist;
				LD_RUNPATH_SEARCH_PATHS = "$(inherited) @executable_path/Frameworks";
				PRODUCT_BUNDLE_IDENTIFIER = com.renal.anim.Animations;
				PRODUCT_NAME = "$(TARGET_NAME)";
				SWIFT_VERSION = 4.0;
			};
			name = Release;
		};
		E2A34A0F1E66D1BC0058FFFD /* Debug */ = {
			isa = XCBuildConfiguration;
			buildSettings = {
				ALWAYS_EMBED_SWIFT_STANDARD_LIBRARIES = YES;
				BUNDLE_LOADER = "$(TEST_HOST)";
				DEVELOPMENT_TEAM = R2EXFBAHGS;
				INFOPLIST_FILE = AnimationsTests/Info.plist;
				LD_RUNPATH_SEARCH_PATHS = "$(inherited) @executable_path/Frameworks @loader_path/Frameworks";
				PRODUCT_BUNDLE_IDENTIFIER = com.renal.anim.AnimationsTests;
				PRODUCT_NAME = "$(TARGET_NAME)";
				SWIFT_VERSION = 3.0;
				TEST_HOST = "$(BUILT_PRODUCTS_DIR)/Animations.app/Animations";
			};
			name = Debug;
		};
		E2A34A101E66D1BC0058FFFD /* Release */ = {
			isa = XCBuildConfiguration;
			buildSettings = {
				ALWAYS_EMBED_SWIFT_STANDARD_LIBRARIES = YES;
				BUNDLE_LOADER = "$(TEST_HOST)";
				DEVELOPMENT_TEAM = R2EXFBAHGS;
				INFOPLIST_FILE = AnimationsTests/Info.plist;
				LD_RUNPATH_SEARCH_PATHS = "$(inherited) @executable_path/Frameworks @loader_path/Frameworks";
				PRODUCT_BUNDLE_IDENTIFIER = com.renal.anim.AnimationsTests;
				PRODUCT_NAME = "$(TARGET_NAME)";
				SWIFT_VERSION = 3.0;
				TEST_HOST = "$(BUILT_PRODUCTS_DIR)/Animations.app/Animations";
			};
			name = Release;
		};
/* End XCBuildConfiguration section */

/* Begin XCConfigurationList section */
		E2A349E91E66D1BC0058FFFD /* Build configuration list for PBXProject "Animations" */ = {
			isa = XCConfigurationList;
			buildConfigurations = (
				E2A34A091E66D1BC0058FFFD /* Debug */,
				E2A34A0A1E66D1BC0058FFFD /* Release */,
			);
			defaultConfigurationIsVisible = 0;
			defaultConfigurationName = Release;
		};
		E2A34A0B1E66D1BC0058FFFD /* Build configuration list for PBXNativeTarget "Animations" */ = {
			isa = XCConfigurationList;
			buildConfigurations = (
				E2A34A0C1E66D1BC0058FFFD /* Debug */,
				E2A34A0D1E66D1BC0058FFFD /* Release */,
			);
			defaultConfigurationIsVisible = 0;
			defaultConfigurationName = Release;
		};
		E2A34A0E1E66D1BC0058FFFD /* Build configuration list for PBXNativeTarget "AnimationsTests" */ = {
			isa = XCConfigurationList;
			buildConfigurations = (
				E2A34A0F1E66D1BC0058FFFD /* Debug */,
				E2A34A101E66D1BC0058FFFD /* Release */,
			);
			defaultConfigurationIsVisible = 0;
			defaultConfigurationName = Release;
		};
/* End XCConfigurationList section */
	};
	rootObject = E2A349E61E66D1BC0058FFFD /* Project object */;
}
