// !$*UTF8*$!
{
	archiveVersion = 1;
	classes = {
	};
	objectVersion = 46;
	objects = {

/* Begin PBXBuildFile section */
		E20A269D1E8AAE6600D31CE3 /* HeartPulseReplicator.swift in Sources */ = {isa = PBXBuildFile; fileRef = E20A269C1E8AAE6600D31CE3 /* HeartPulseReplicator.swift */; };
		E215EF1A1E7C34C800B29E9F /* ShareButton.swift in Sources */ = {isa = PBXBuildFile; fileRef = E215EF191E7C34C800B29E9F /* ShareButton.swift */; };
		E21E0CF21E8E68C30073BC12 /* CircleActivityIndicator.swift in Sources */ = {isa = PBXBuildFile; fileRef = E21E0CF11E8E68C30073BC12 /* CircleActivityIndicator.swift */; };
		E2573BDA1E89133500F5B329 /* MorphReplicator.swift in Sources */ = {isa = PBXBuildFile; fileRef = E2573BD91E89133500F5B329 /* MorphReplicator.swift */; };
		E276F79621B6DD2100DA7D20 /* WWDC_CustomTransition.storyboard in Resources */ = {isa = PBXBuildFile; fileRef = E276F79521B6DD2100DA7D20 /* WWDC_CustomTransition.storyboard */; };
		E276F79821B6DD5D00DA7D20 /* WWDC_CustomTransitionInitialViewController.swift in Sources */ = {isa = PBXBuildFile; fileRef = E276F79721B6DD5D00DA7D20 /* WWDC_CustomTransitionInitialViewController.swift */; };
		E276F79A21B6DD6E00DA7D20 /* WWDC_CustomTransitionFinalViewController.swift in Sources */ = {isa = PBXBuildFile; fileRef = E276F79921B6DD6E00DA7D20 /* WWDC_CustomTransitionFinalViewController.swift */; };
		E2772526219AE2B6007D85C8 /* AnimationsListViewController.swift in Sources */ = {isa = PBXBuildFile; fileRef = E2772525219AE2B6007D85C8 /* AnimationsListViewController.swift */; };
		E2772528219AE404007D85C8 /* AnimationsListDataSource.swift in Sources */ = {isa = PBXBuildFile; fileRef = E2772527219AE404007D85C8 /* AnimationsListDataSource.swift */; };
		E277252A219B168E007D85C8 /* CircleActivityIndicator.storyboard in Resources */ = {isa = PBXBuildFile; fileRef = E2772529219B168E007D85C8 /* CircleActivityIndicator.storyboard */; };
		E277252C219B16C0007D85C8 /* MorphReplicator.storyboard in Resources */ = {isa = PBXBuildFile; fileRef = E277252B219B16C0007D85C8 /* MorphReplicator.storyboard */; };
		E277252E219B16D4007D85C8 /* HeartPulseReplicator.storyboard in Resources */ = {isa = PBXBuildFile; fileRef = E277252D219B16D4007D85C8 /* HeartPulseReplicator.storyboard */; };
		E2772530219B1708007D85C8 /* ShareButton.storyboard in Resources */ = {isa = PBXBuildFile; fileRef = E277252F219B1708007D85C8 /* ShareButton.storyboard */; };
		E2772532219B1717007D85C8 /* NotifyButton.storyboard in Resources */ = {isa = PBXBuildFile; fileRef = E2772531219B1717007D85C8 /* NotifyButton.storyboard */; };
		E2772535219B2F05007D85C8 /* ConnectionSearch.storyboard in Resources */ = {isa = PBXBuildFile; fileRef = E2772534219B2F05007D85C8 /* ConnectionSearch.storyboard */; };
		E2772537219B2F94007D85C8 /* ConnectionSearchView.swift in Sources */ = {isa = PBXBuildFile; fileRef = E2772536219B2F94007D85C8 /* ConnectionSearchView.swift */; };
		E2772539219B2FA6007D85C8 /* ConnectionSearchViewController.swift in Sources */ = {isa = PBXBuildFile; fileRef = E2772538219B2FA6007D85C8 /* ConnectionSearchViewController.swift */; };
		E277253B219B304B007D85C8 /* CALayer.swift in Sources */ = {isa = PBXBuildFile; fileRef = E277253A219B304A007D85C8 /* CALayer.swift */; };
		E2772540219B31F2007D85C8 /* CircleMenuActions.storyboard in Resources */ = {isa = PBXBuildFile; fileRef = E277253D219B31F1007D85C8 /* CircleMenuActions.storyboard */; };
		E2772541219B31F2007D85C8 /* CircleMenuActionButton.swift in Sources */ = {isa = PBXBuildFile; fileRef = E277253E219B31F1007D85C8 /* CircleMenuActionButton.swift */; };
		E2772542219B31F2007D85C8 /* CircleMenu.swift in Sources */ = {isa = PBXBuildFile; fileRef = E277253F219B31F1007D85C8 /* CircleMenu.swift */; };
		E2772544219B3253007D85C8 /* CGRect.swift in Sources */ = {isa = PBXBuildFile; fileRef = E2772543219B3253007D85C8 /* CGRect.swift */; };
		E2772549219B32D5007D85C8 /* AtomLike.storyboard in Resources */ = {isa = PBXBuildFile; fileRef = E2772546219B32D5007D85C8 /* AtomLike.storyboard */; };
		E277254A219B32D5007D85C8 /* AtomLikeView.swift in Sources */ = {isa = PBXBuildFile; fileRef = E2772547219B32D5007D85C8 /* AtomLikeView.swift */; };
		E277254B219B32D5007D85C8 /* AtomLikeViewController.swift in Sources */ = {isa = PBXBuildFile; fileRef = E2772548219B32D5007D85C8 /* AtomLikeViewController.swift */; };
		E2772550219B3350007D85C8 /* SquareReplicatorLoader.storyboard in Resources */ = {isa = PBXBuildFile; fileRef = E277254D219B3350007D85C8 /* SquareReplicatorLoader.storyboard */; };
		E2772551219B3350007D85C8 /* SquareReplicatorLoaderView.swift in Sources */ = {isa = PBXBuildFile; fileRef = E277254E219B3350007D85C8 /* SquareReplicatorLoaderView.swift */; };
		E2772552219B3350007D85C8 /* SquareReplicatorViewController.swift in Sources */ = {isa = PBXBuildFile; fileRef = E277254F219B3350007D85C8 /* SquareReplicatorViewController.swift */; };
		E2772555219B3590007D85C8 /* Pacman.storyboard in Resources */ = {isa = PBXBuildFile; fileRef = E2772554219B3590007D85C8 /* Pacman.storyboard */; };
		E2772557219B359D007D85C8 /* PacmanViewController.swift in Sources */ = {isa = PBXBuildFile; fileRef = E2772556219B359D007D85C8 /* PacmanViewController.swift */; };
		E2772559219B3600007D85C8 /* PacmanLayer.swift in Sources */ = {isa = PBXBuildFile; fileRef = E2772558219B3600007D85C8 /* PacmanLayer.swift */; };
		E277255E219C2E11007D85C8 /* ReplicatorAppLoader.storyboard in Resources */ = {isa = PBXBuildFile; fileRef = E277255D219C2E11007D85C8 /* ReplicatorAppLoader.storyboard */; };
		E2772560219C35F2007D85C8 /* AppLoaderView.swift in Sources */ = {isa = PBXBuildFile; fileRef = E277255F219C35F2007D85C8 /* AppLoaderView.swift */; };
		E282DE921E939B3C009BE85C /* Stack.swift in Sources */ = {isa = PBXBuildFile; fileRef = E282DE911E939B3C009BE85C /* Stack.swift */; };
		E29CAFDB21AC060E006C3532 /* ZoomAnimatedTransitioning.swift in Sources */ = {isa = PBXBuildFile; fileRef = E29CAFDA21AC060E006C3532 /* ZoomAnimatedTransitioning.swift */; };
		E2A349F21E66D1BC0058FFFD /* AppDelegate.swift in Sources */ = {isa = PBXBuildFile; fileRef = E2A349F11E66D1BC0058FFFD /* AppDelegate.swift */; };
		E2A349F71E66D1BC0058FFFD /* Main.storyboard in Resources */ = {isa = PBXBuildFile; fileRef = E2A349F51E66D1BC0058FFFD /* Main.storyboard */; };
		E2A349F91E66D1BC0058FFFD /* Assets.xcassets in Resources */ = {isa = PBXBuildFile; fileRef = E2A349F81E66D1BC0058FFFD /* Assets.xcassets */; };
		E2A349FC1E66D1BC0058FFFD /* LaunchScreen.storyboard in Resources */ = {isa = PBXBuildFile; fileRef = E2A349FA1E66D1BC0058FFFD /* LaunchScreen.storyboard */; };
		E2A34A071E66D1BC0058FFFD /* AnimationsTests.swift in Sources */ = {isa = PBXBuildFile; fileRef = E2A34A061E66D1BC0058FFFD /* AnimationsTests.swift */; };
		E2E171FC219F24A100F1B272 /* SearchButton.storyboard in Resources */ = {isa = PBXBuildFile; fileRef = E2E171FB219F24A100F1B272 /* SearchButton.storyboard */; };
		E2E171FE219F24B800F1B272 /* SearchButton.swift in Sources */ = {isa = PBXBuildFile; fileRef = E2E171FD219F24B800F1B272 /* SearchButton.swift */; };
		E2E1720221A3032100F1B272 /* SearchField.swift in Sources */ = {isa = PBXBuildFile; fileRef = E2E1720121A3032100F1B272 /* SearchField.swift */; };
		E2E67B8121ADA40700545448 /* CustomNavigationControlerDelegate.swift in Sources */ = {isa = PBXBuildFile; fileRef = E2E67B8021ADA40700545448 /* CustomNavigationControlerDelegate.swift */; };
		E2EF1CB4219F006100608828 /* InfiniteSpinner.storyboard in Resources */ = {isa = PBXBuildFile; fileRef = E2EF1CB3219F006100608828 /* InfiniteSpinner.storyboard */; };
		E2EF1CB6219F007900608828 /* InfiniteSpinnerView.swift in Sources */ = {isa = PBXBuildFile; fileRef = E2EF1CB5219F007900608828 /* InfiniteSpinnerView.swift */; };
		E2F608931E7FED2F00E374D9 /* Animatable.swift in Sources */ = {isa = PBXBuildFile; fileRef = E2F608921E7FED2F00E374D9 /* Animatable.swift */; };
		E2F608951E8289F500E374D9 /* ShareTypeButton.swift in Sources */ = {isa = PBXBuildFile; fileRef = E2F608941E8289F500E374D9 /* ShareTypeButton.swift */; };
		E2FB82761E66DD1600F5F15C /* NotifyButton.swift in Sources */ = {isa = PBXBuildFile; fileRef = E2FB82751E66DD1600F5F15C /* NotifyButton.swift */; };
/* End PBXBuildFile section */

/* Begin PBXContainerItemProxy section */
		E2A34A031E66D1BC0058FFFD /* PBXContainerItemProxy */ = {
			isa = PBXContainerItemProxy;
			containerPortal = E2A349E61E66D1BC0058FFFD /* Project object */;
			proxyType = 1;
			remoteGlobalIDString = E2A349ED1E66D1BC0058FFFD;
			remoteInfo = Animations;
		};
/* End PBXContainerItemProxy section */

/* Begin PBXFileReference section */
		E20A269C1E8AAE6600D31CE3 /* HeartPulseReplicator.swift */ = {isa = PBXFileReference; fileEncoding = 4; lastKnownFileType = sourcecode.swift; path = HeartPulseReplicator.swift; sourceTree = "<group>"; };
		E215EF191E7C34C800B29E9F /* ShareButton.swift */ = {isa = PBXFileReference; fileEncoding = 4; lastKnownFileType = sourcecode.swift; path = ShareButton.swift; sourceTree = "<group>"; };
		E21E0CF11E8E68C30073BC12 /* CircleActivityIndicator.swift */ = {isa = PBXFileReference; fileEncoding = 4; lastKnownFileType = sourcecode.swift; path = CircleActivityIndicator.swift; sourceTree = "<group>"; };
		E2573BD91E89133500F5B329 /* MorphReplicator.swift */ = {isa = PBXFileReference; fileEncoding = 4; lastKnownFileType = sourcecode.swift; path = MorphReplicator.swift; sourceTree = "<group>"; };
		E276F79521B6DD2100DA7D20 /* WWDC_CustomTransition.storyboard */ = {isa = PBXFileReference; lastKnownFileType = file.storyboard; path = WWDC_CustomTransition.storyboard; sourceTree = "<group>"; };
		E276F79721B6DD5D00DA7D20 /* WWDC_CustomTransitionInitialViewController.swift */ = {isa = PBXFileReference; lastKnownFileType = sourcecode.swift; path = WWDC_CustomTransitionInitialViewController.swift; sourceTree = "<group>"; };
		E276F79921B6DD6E00DA7D20 /* WWDC_CustomTransitionFinalViewController.swift */ = {isa = PBXFileReference; lastKnownFileType = sourcecode.swift; path = WWDC_CustomTransitionFinalViewController.swift; sourceTree = "<group>"; };
		E2772525219AE2B6007D85C8 /* AnimationsListViewController.swift */ = {isa = PBXFileReference; lastKnownFileType = sourcecode.swift; path = AnimationsListViewController.swift; sourceTree = "<group>"; };
		E2772527219AE404007D85C8 /* AnimationsListDataSource.swift */ = {isa = PBXFileReference; lastKnownFileType = sourcecode.swift; path = AnimationsListDataSource.swift; sourceTree = "<group>"; };
		E2772529219B168E007D85C8 /* CircleActivityIndicator.storyboard */ = {isa = PBXFileReference; lastKnownFileType = file.storyboard; path = CircleActivityIndicator.storyboard; sourceTree = "<group>"; };
		E277252B219B16C0007D85C8 /* MorphReplicator.storyboard */ = {isa = PBXFileReference; lastKnownFileType = file.storyboard; path = MorphReplicator.storyboard; sourceTree = "<group>"; };
		E277252D219B16D4007D85C8 /* HeartPulseReplicator.storyboard */ = {isa = PBXFileReference; lastKnownFileType = file.storyboard; path = HeartPulseReplicator.storyboard; sourceTree = "<group>"; };
		E277252F219B1708007D85C8 /* ShareButton.storyboard */ = {isa = PBXFileReference; lastKnownFileType = file.storyboard; path = ShareButton.storyboard; sourceTree = "<group>"; };
		E2772531219B1717007D85C8 /* NotifyButton.storyboard */ = {isa = PBXFileReference; lastKnownFileType = file.storyboard; path = NotifyButton.storyboard; sourceTree = "<group>"; };
		E2772534219B2F05007D85C8 /* ConnectionSearch.storyboard */ = {isa = PBXFileReference; lastKnownFileType = file.storyboard; path = ConnectionSearch.storyboard; sourceTree = "<group>"; };
		E2772536219B2F94007D85C8 /* ConnectionSearchView.swift */ = {isa = PBXFileReference; fileEncoding = 4; lastKnownFileType = sourcecode.swift; path = ConnectionSearchView.swift; sourceTree = "<group>"; };
		E2772538219B2FA6007D85C8 /* ConnectionSearchViewController.swift */ = {isa = PBXFileReference; lastKnownFileType = sourcecode.swift; path = ConnectionSearchViewController.swift; sourceTree = "<group>"; };
		E277253A219B304A007D85C8 /* CALayer.swift */ = {isa = PBXFileReference; fileEncoding = 4; lastKnownFileType = sourcecode.swift; path = CALayer.swift; sourceTree = "<group>"; };
		E277253D219B31F1007D85C8 /* CircleMenuActions.storyboard */ = {isa = PBXFileReference; fileEncoding = 4; lastKnownFileType = file.storyboard; path = CircleMenuActions.storyboard; sourceTree = "<group>"; };
		E277253E219B31F1007D85C8 /* CircleMenuActionButton.swift */ = {isa = PBXFileReference; fileEncoding = 4; lastKnownFileType = sourcecode.swift; path = CircleMenuActionButton.swift; sourceTree = "<group>"; };
		E277253F219B31F1007D85C8 /* CircleMenu.swift */ = {isa = PBXFileReference; fileEncoding = 4; lastKnownFileType = sourcecode.swift; path = CircleMenu.swift; sourceTree = "<group>"; };
		E2772543219B3253007D85C8 /* CGRect.swift */ = {isa = PBXFileReference; fileEncoding = 4; lastKnownFileType = sourcecode.swift; path = CGRect.swift; sourceTree = "<group>"; };
		E2772546219B32D5007D85C8 /* AtomLike.storyboard */ = {isa = PBXFileReference; fileEncoding = 4; lastKnownFileType = file.storyboard; path = AtomLike.storyboard; sourceTree = "<group>"; };
		E2772547219B32D5007D85C8 /* AtomLikeView.swift */ = {isa = PBXFileReference; fileEncoding = 4; lastKnownFileType = sourcecode.swift; path = AtomLikeView.swift; sourceTree = "<group>"; };
		E2772548219B32D5007D85C8 /* AtomLikeViewController.swift */ = {isa = PBXFileReference; fileEncoding = 4; lastKnownFileType = sourcecode.swift; path = AtomLikeViewController.swift; sourceTree = "<group>"; };
		E277254D219B3350007D85C8 /* SquareReplicatorLoader.storyboard */ = {isa = PBXFileReference; fileEncoding = 4; lastKnownFileType = file.storyboard; path = SquareReplicatorLoader.storyboard; sourceTree = "<group>"; };
		E277254E219B3350007D85C8 /* SquareReplicatorLoaderView.swift */ = {isa = PBXFileReference; fileEncoding = 4; lastKnownFileType = sourcecode.swift; path = SquareReplicatorLoaderView.swift; sourceTree = "<group>"; };
		E277254F219B3350007D85C8 /* SquareReplicatorViewController.swift */ = {isa = PBXFileReference; fileEncoding = 4; lastKnownFileType = sourcecode.swift; path = SquareReplicatorViewController.swift; sourceTree = "<group>"; };
		E2772554219B3590007D85C8 /* Pacman.storyboard */ = {isa = PBXFileReference; lastKnownFileType = file.storyboard; path = Pacman.storyboard; sourceTree = "<group>"; };
		E2772556219B359D007D85C8 /* PacmanViewController.swift */ = {isa = PBXFileReference; lastKnownFileType = sourcecode.swift; path = PacmanViewController.swift; sourceTree = "<group>"; };
		E2772558219B3600007D85C8 /* PacmanLayer.swift */ = {isa = PBXFileReference; fileEncoding = 4; lastKnownFileType = sourcecode.swift; path = PacmanLayer.swift; sourceTree = "<group>"; };
		E277255D219C2E11007D85C8 /* ReplicatorAppLoader.storyboard */ = {isa = PBXFileReference; lastKnownFileType = file.storyboard; path = ReplicatorAppLoader.storyboard; sourceTree = "<group>"; };
		E277255F219C35F2007D85C8 /* AppLoaderView.swift */ = {isa = PBXFileReference; lastKnownFileType = sourcecode.swift; path = AppLoaderView.swift; sourceTree = "<group>"; };
		E282DE911E939B3C009BE85C /* Stack.swift */ = {isa = PBXFileReference; fileEncoding = 4; lastKnownFileType = sourcecode.swift; path = Stack.swift; sourceTree = "<group>"; };
		E29CAFDA21AC060E006C3532 /* ZoomAnimatedTransitioning.swift */ = {isa = PBXFileReference; lastKnownFileType = sourcecode.swift; path = ZoomAnimatedTransitioning.swift; sourceTree = "<group>"; };
		E2A349EE1E66D1BC0058FFFD /* Animations.app */ = {isa = PBXFileReference; explicitFileType = wrapper.application; includeInIndex = 0; path = Animations.app; sourceTree = BUILT_PRODUCTS_DIR; };
		E2A349F11E66D1BC0058FFFD /* AppDelegate.swift */ = {isa = PBXFileReference; lastKnownFileType = sourcecode.swift; path = AppDelegate.swift; sourceTree = "<group>"; };
		E2A349F61E66D1BC0058FFFD /* Base */ = {isa = PBXFileReference; lastKnownFileType = file.storyboard; name = Base; path = Base.lproj/Main.storyboard; sourceTree = "<group>"; };
		E2A349F81E66D1BC0058FFFD /* Assets.xcassets */ = {isa = PBXFileReference; lastKnownFileType = folder.assetcatalog; path = Assets.xcassets; sourceTree = "<group>"; };
		E2A349FB1E66D1BC0058FFFD /* Base */ = {isa = PBXFileReference; lastKnownFileType = file.storyboard; name = Base; path = Base.lproj/LaunchScreen.storyboard; sourceTree = "<group>"; };
		E2A349FD1E66D1BC0058FFFD /* Info.plist */ = {isa = PBXFileReference; lastKnownFileType = text.plist.xml; path = Info.plist; sourceTree = "<group>"; };
		E2A34A021E66D1BC0058FFFD /* AnimationsTests.xctest */ = {isa = PBXFileReference; explicitFileType = wrapper.cfbundle; includeInIndex = 0; path = AnimationsTests.xctest; sourceTree = BUILT_PRODUCTS_DIR; };
		E2A34A061E66D1BC0058FFFD /* AnimationsTests.swift */ = {isa = PBXFileReference; lastKnownFileType = sourcecode.swift; path = AnimationsTests.swift; sourceTree = "<group>"; };
		E2A34A081E66D1BC0058FFFD /* Info.plist */ = {isa = PBXFileReference; lastKnownFileType = text.plist.xml; path = Info.plist; sourceTree = "<group>"; };
		E2E171FB219F24A100F1B272 /* SearchButton.storyboard */ = {isa = PBXFileReference; lastKnownFileType = file.storyboard; path = SearchButton.storyboard; sourceTree = "<group>"; };
		E2E171FD219F24B800F1B272 /* SearchButton.swift */ = {isa = PBXFileReference; lastKnownFileType = sourcecode.swift; path = SearchButton.swift; sourceTree = "<group>"; };
		E2E1720121A3032100F1B272 /* SearchField.swift */ = {isa = PBXFileReference; lastKnownFileType = sourcecode.swift; path = SearchField.swift; sourceTree = "<group>"; };
		E2E67B8021ADA40700545448 /* CustomNavigationControlerDelegate.swift */ = {isa = PBXFileReference; lastKnownFileType = sourcecode.swift; path = CustomNavigationControlerDelegate.swift; sourceTree = "<group>"; };
		E2EF1CB3219F006100608828 /* InfiniteSpinner.storyboard */ = {isa = PBXFileReference; lastKnownFileType = file.storyboard; path = InfiniteSpinner.storyboard; sourceTree = "<group>"; };
		E2EF1CB5219F007900608828 /* InfiniteSpinnerView.swift */ = {isa = PBXFileReference; lastKnownFileType = sourcecode.swift; path = InfiniteSpinnerView.swift; sourceTree = "<group>"; };
		E2F608921E7FED2F00E374D9 /* Animatable.swift */ = {isa = PBXFileReference; fileEncoding = 4; lastKnownFileType = sourcecode.swift; path = Animatable.swift; sourceTree = "<group>"; };
		E2F608941E8289F500E374D9 /* ShareTypeButton.swift */ = {isa = PBXFileReference; fileEncoding = 4; lastKnownFileType = sourcecode.swift; path = ShareTypeButton.swift; sourceTree = "<group>"; };
		E2FB82751E66DD1600F5F15C /* NotifyButton.swift */ = {isa = PBXFileReference; fileEncoding = 4; lastKnownFileType = sourcecode.swift; path = NotifyButton.swift; sourceTree = "<group>"; };
/* End PBXFileReference section */

/* Begin PBXFrameworksBuildPhase section */
		E2A349EB1E66D1BC0058FFFD /* Frameworks */ = {
			isa = PBXFrameworksBuildPhase;
			buildActionMask = 2147483647;
			files = (
			);
			runOnlyForDeploymentPostprocessing = 0;
		};
		E2A349FF1E66D1BC0058FFFD /* Frameworks */ = {
			isa = PBXFrameworksBuildPhase;
			buildActionMask = 2147483647;
			files = (
			);
			runOnlyForDeploymentPostprocessing = 0;
		};
/* End PBXFrameworksBuildPhase section */

/* Begin PBXGroup section */
		E215EF181E7C34AB00B29E9F /* Share */ = {
			isa = PBXGroup;
			children = (
				E215EF191E7C34C800B29E9F /* ShareButton.swift */,
				E2F608941E8289F500E374D9 /* ShareTypeButton.swift */,
				E277252F219B1708007D85C8 /* ShareButton.storyboard */,
			);
			path = Share;
			sourceTree = "<group>";
		};
		E21E0CF01E8E68740073BC12 /* ActivityIndicator */ = {
			isa = PBXGroup;
			children = (
				E21E0CF11E8E68C30073BC12 /* CircleActivityIndicator.swift */,
				E2772529219B168E007D85C8 /* CircleActivityIndicator.storyboard */,
			);
			path = ActivityIndicator;
			sourceTree = "<group>";
		};
		E2573BD81E8912F400F5B329 /* Replicator */ = {
			isa = PBXGroup;
			children = (
				E2573BD91E89133500F5B329 /* MorphReplicator.swift */,
				E20A269C1E8AAE6600D31CE3 /* HeartPulseReplicator.swift */,
				E277252B219B16C0007D85C8 /* MorphReplicator.storyboard */,
				E277252D219B16D4007D85C8 /* HeartPulseReplicator.storyboard */,
			);
			path = Replicator;
			sourceTree = "<group>";
		};
		E276F79421B6DCEC00DA7D20 /* WWDC_CustomTransition */ = {
			isa = PBXGroup;
			children = (
				E276F79521B6DD2100DA7D20 /* WWDC_CustomTransition.storyboard */,
				E276F79721B6DD5D00DA7D20 /* WWDC_CustomTransitionInitialViewController.swift */,
				E276F79921B6DD6E00DA7D20 /* WWDC_CustomTransitionFinalViewController.swift */,
			);
			path = WWDC_CustomTransition;
			sourceTree = "<group>";
		};
		E2772533219B2EF3007D85C8 /* ConnectionSearch */ = {
			isa = PBXGroup;
			children = (
				E2772536219B2F94007D85C8 /* ConnectionSearchView.swift */,
				E2772534219B2F05007D85C8 /* ConnectionSearch.storyboard */,
				E2772538219B2FA6007D85C8 /* ConnectionSearchViewController.swift */,
			);
			path = ConnectionSearch;
			sourceTree = "<group>";
		};
		E277253C219B31D3007D85C8 /* CircularMenu */ = {
			isa = PBXGroup;
			children = (
				E277253F219B31F1007D85C8 /* CircleMenu.swift */,
				E277253E219B31F1007D85C8 /* CircleMenuActionButton.swift */,
				E277253D219B31F1007D85C8 /* CircleMenuActions.storyboard */,
			);
			path = CircularMenu;
			sourceTree = "<group>";
		};
		E2772545219B32B3007D85C8 /* AtomAnimation */ = {
			isa = PBXGroup;
			children = (
				E2772546219B32D5007D85C8 /* AtomLike.storyboard */,
				E2772547219B32D5007D85C8 /* AtomLikeView.swift */,
				E2772548219B32D5007D85C8 /* AtomLikeViewController.swift */,
			);
			path = AtomAnimation;
			sourceTree = "<group>";
		};
		E277254C219B3339007D85C8 /* SquareLoader */ = {
			isa = PBXGroup;
			children = (
				E277254D219B3350007D85C8 /* SquareReplicatorLoader.storyboard */,
				E277254E219B3350007D85C8 /* SquareReplicatorLoaderView.swift */,
				E277254F219B3350007D85C8 /* SquareReplicatorViewController.swift */,
			);
			path = SquareLoader;
			sourceTree = "<group>";
		};
		E2772553219B3580007D85C8 /* Pacman */ = {
			isa = PBXGroup;
			children = (
				E2772558219B3600007D85C8 /* PacmanLayer.swift */,
				E2772554219B3590007D85C8 /* Pacman.storyboard */,
				E2772556219B359D007D85C8 /* PacmanViewController.swift */,
			);
			path = Pacman;
			sourceTree = "<group>";
		};
		E277255A219C2DF5007D85C8 /* AppLoader */ = {
			isa = PBXGroup;
			children = (
				E277255D219C2E11007D85C8 /* ReplicatorAppLoader.storyboard */,
				E277255F219C35F2007D85C8 /* AppLoaderView.swift */,
			);
			path = AppLoader;
			sourceTree = "<group>";
		};
		E282DE901E939AF7009BE85C /* Helper */ = {
			isa = PBXGroup;
			children = (
				E2772543219B3253007D85C8 /* CGRect.swift */,
				E277253A219B304A007D85C8 /* CALayer.swift */,
				E282DE911E939B3C009BE85C /* Stack.swift */,
			);
			path = Helper;
			sourceTree = "<group>";
		};
		E29CAFD821AC057C006C3532 /* Transitions */ = {
			isa = PBXGroup;
			children = (
				E29CAFD921AC0586006C3532 /* ZoomTransition */,
				E2E67B8021ADA40700545448 /* CustomNavigationControlerDelegate.swift */,
			);
			path = Transitions;
			sourceTree = "<group>";
		};
		E29CAFD921AC0586006C3532 /* ZoomTransition */ = {
			isa = PBXGroup;
			children = (
				E29CAFDA21AC060E006C3532 /* ZoomAnimatedTransitioning.swift */,
			);
			path = ZoomTransition;
			sourceTree = "<group>";
		};
		E2A349E51E66D1BC0058FFFD = {
			isa = PBXGroup;
			children = (
				E2A349F01E66D1BC0058FFFD /* Animations */,
				E2A34A051E66D1BC0058FFFD /* AnimationsTests */,
				E2A349EF1E66D1BC0058FFFD /* Products */,
			);
			sourceTree = "<group>";
		};
		E2A349EF1E66D1BC0058FFFD /* Products */ = {
			isa = PBXGroup;
			children = (
				E2A349EE1E66D1BC0058FFFD /* Animations.app */,
				E2A34A021E66D1BC0058FFFD /* AnimationsTests.xctest */,
			);
			name = Products;
			sourceTree = "<group>";
		};
		E2A349F01E66D1BC0058FFFD /* Animations */ = {
			isa = PBXGroup;
			children = (
				E29CAFD821AC057C006C3532 /* Transitions */,
				E2772525219AE2B6007D85C8 /* AnimationsListViewController.swift */,
				E282DE901E939AF7009BE85C /* Helper */,
				E2FB82771E66DE0800F5F15C /* View */,
				E2A349F11E66D1BC0058FFFD /* AppDelegate.swift */,
				E2A349F51E66D1BC0058FFFD /* Main.storyboard */,
				E2A349F81E66D1BC0058FFFD /* Assets.xcassets */,
				E2A349FA1E66D1BC0058FFFD /* LaunchScreen.storyboard */,
				E2A349FD1E66D1BC0058FFFD /* Info.plist */,
				E2772527219AE404007D85C8 /* AnimationsListDataSource.swift */,
			);
			path = Animations;
			sourceTree = "<group>";
		};
		E2A34A051E66D1BC0058FFFD /* AnimationsTests */ = {
			isa = PBXGroup;
			children = (
				E2A34A061E66D1BC0058FFFD /* AnimationsTests.swift */,
				E2A34A081E66D1BC0058FFFD /* Info.plist */,
			);
			path = AnimationsTests;
			sourceTree = "<group>";
		};
		E2E171FA219F248700F1B272 /* SearchButton */ = {
			isa = PBXGroup;
			children = (
				E2E171FB219F24A100F1B272 /* SearchButton.storyboard */,
				E2E171FD219F24B800F1B272 /* SearchButton.swift */,
				E2E1720121A3032100F1B272 /* SearchField.swift */,
			);
			path = SearchButton;
			sourceTree = "<group>";
		};
		E2EF1CB2219F005200608828 /* InifinteSpinner */ = {
			isa = PBXGroup;
			children = (
				E2EF1CB3219F006100608828 /* InfiniteSpinner.storyboard */,
				E2EF1CB5219F007900608828 /* InfiniteSpinnerView.swift */,
			);
			path = InifinteSpinner;
			sourceTree = "<group>";
		};
		E2F608911E7FECC200E374D9 /* Protocols */ = {
			isa = PBXGroup;
			children = (
				E2F608921E7FED2F00E374D9 /* Animatable.swift */,
			);
			path = Protocols;
			sourceTree = "<group>";
		};
		E2FB82771E66DE0800F5F15C /* View */ = {
			isa = PBXGroup;
			children = (
				E276F79421B6DCEC00DA7D20 /* WWDC_CustomTransition */,
				E2E171FA219F248700F1B272 /* SearchButton */,
				E2EF1CB2219F005200608828 /* InifinteSpinner */,
				E277255A219C2DF5007D85C8 /* AppLoader */,
				E2772553219B3580007D85C8 /* Pacman */,
				E277254C219B3339007D85C8 /* SquareLoader */,
				E2772545219B32B3007D85C8 /* AtomAnimation */,
				E277253C219B31D3007D85C8 /* CircularMenu */,
				E2772533219B2EF3007D85C8 /* ConnectionSearch */,
				E21E0CF01E8E68740073BC12 /* ActivityIndicator */,
				E2573BD81E8912F400F5B329 /* Replicator */,
				E2F608911E7FECC200E374D9 /* Protocols */,
				E215EF181E7C34AB00B29E9F /* Share */,
				E2FB82781E66DE0D00F5F15C /* Notify */,
			);
			path = View;
			sourceTree = "<group>";
		};
		E2FB82781E66DE0D00F5F15C /* Notify */ = {
			isa = PBXGroup;
			children = (
				E2FB82751E66DD1600F5F15C /* NotifyButton.swift */,
				E2772531219B1717007D85C8 /* NotifyButton.storyboard */,
			);
			path = Notify;
			sourceTree = "<group>";
		};
/* End PBXGroup section */

/* Begin PBXNativeTarget section */
		E2A349ED1E66D1BC0058FFFD /* Animations */ = {
			isa = PBXNativeTarget;
			buildConfigurationList = E2A34A0B1E66D1BC0058FFFD /* Build configuration list for PBXNativeTarget "Animations" */;
			buildPhases = (
				E2A349EA1E66D1BC0058FFFD /* Sources */,
				E2A349EB1E66D1BC0058FFFD /* Frameworks */,
				E2A349EC1E66D1BC0058FFFD /* Resources */,
			);
			buildRules = (
			);
			dependencies = (
			);
			name = Animations;
			productName = Animations;
			productReference = E2A349EE1E66D1BC0058FFFD /* Animations.app */;
			productType = "com.apple.product-type.application";
		};
		E2A34A011E66D1BC0058FFFD /* AnimationsTests */ = {
			isa = PBXNativeTarget;
			buildConfigurationList = E2A34A0E1E66D1BC0058FFFD /* Build configuration list for PBXNativeTarget "AnimationsTests" */;
			buildPhases = (
				E2A349FE1E66D1BC0058FFFD /* Sources */,
				E2A349FF1E66D1BC0058FFFD /* Frameworks */,
				E2A34A001E66D1BC0058FFFD /* Resources */,
			);
			buildRules = (
			);
			dependencies = (
				E2A34A041E66D1BC0058FFFD /* PBXTargetDependency */,
			);
			name = AnimationsTests;
			productName = AnimationsTests;
			productReference = E2A34A021E66D1BC0058FFFD /* AnimationsTests.xctest */;
			productType = "com.apple.product-type.bundle.unit-test";
		};
/* End PBXNativeTarget section */

/* Begin PBXProject section */
		E2A349E61E66D1BC0058FFFD /* Project object */ = {
			isa = PBXProject;
			attributes = {
				LastSwiftUpdateCheck = 0820;
				LastUpgradeCheck = 0820;
				ORGANIZATIONNAME = "Octo-RCO";
				TargetAttributes = {
					E2A349ED1E66D1BC0058FFFD = {
						CreatedOnToolsVersion = 8.2.1;
						DevelopmentTeam = R2EXFBAHGS;
						ProvisioningStyle = Automatic;
					};
					E2A34A011E66D1BC0058FFFD = {
						CreatedOnToolsVersion = 8.2.1;
						DevelopmentTeam = R2EXFBAHGS;
						ProvisioningStyle = Automatic;
						TestTargetID = E2A349ED1E66D1BC0058FFFD;
					};
				};
			};
			buildConfigurationList = E2A349E91E66D1BC0058FFFD /* Build configuration list for PBXProject "Animations" */;
			compatibilityVersion = "Xcode 3.2";
			developmentRegion = English;
			hasScannedForEncodings = 0;
			knownRegions = (
				en,
				Base,
			);
			mainGroup = E2A349E51E66D1BC0058FFFD;
			productRefGroup = E2A349EF1E66D1BC0058FFFD /* Products */;
			projectDirPath = "";
			projectRoot = "";
			targets = (
				E2A349ED1E66D1BC0058FFFD /* Animations */,
				E2A34A011E66D1BC0058FFFD /* AnimationsTests */,
			);
		};
/* End PBXProject section */

/* Begin PBXResourcesBuildPhase section */
		E2A349EC1E66D1BC0058FFFD /* Resources */ = {
			isa = PBXResourcesBuildPhase;
			buildActionMask = 2147483647;
			files = (
				E2E171FC219F24A100F1B272 /* SearchButton.storyboard in Resources */,
				E277252E219B16D4007D85C8 /* HeartPulseReplicator.storyboard in Resources */,
				E2A349FC1E66D1BC0058FFFD /* LaunchScreen.storyboard in Resources */,
				E277252A219B168E007D85C8 /* CircleActivityIndicator.storyboard in Resources */,
				E2772540219B31F2007D85C8 /* CircleMenuActions.storyboard in Resources */,
				E2772555219B3590007D85C8 /* Pacman.storyboard in Resources */,
				E2772549219B32D5007D85C8 /* AtomLike.storyboard in Resources */,
				E277255E219C2E11007D85C8 /* ReplicatorAppLoader.storyboard in Resources */,
				E2772532219B1717007D85C8 /* NotifyButton.storyboard in Resources */,
				E2772535219B2F05007D85C8 /* ConnectionSearch.storyboard in Resources */,
				E276F79621B6DD2100DA7D20 /* WWDC_CustomTransition.storyboard in Resources */,
				E2772550219B3350007D85C8 /* SquareReplicatorLoader.storyboard in Resources */,
				E2A349F91E66D1BC0058FFFD /* Assets.xcassets in Resources */,
				E2772530219B1708007D85C8 /* ShareButton.storyboard in Resources */,
				E277252C219B16C0007D85C8 /* MorphReplicator.storyboard in Resources */,
				E2A349F71E66D1BC0058FFFD /* Main.storyboard in Resources */,
				E2EF1CB4219F006100608828 /* InfiniteSpinner.storyboard in Resources */,
			);
			runOnlyForDeploymentPostprocessing = 0;
		};
		E2A34A001E66D1BC0058FFFD /* Resources */ = {
			isa = PBXResourcesBuildPhase;
			buildActionMask = 2147483647;
			files = (
			);
			runOnlyForDeploymentPostprocessing = 0;
		};
/* End PBXResourcesBuildPhase section */

/* Begin PBXSourcesBuildPhase section */
		E2A349EA1E66D1BC0058FFFD /* Sources */ = {
			isa = PBXSourcesBuildPhase;
			buildActionMask = 2147483647;
			files = (
				E282DE921E939B3C009BE85C /* Stack.swift in Sources */,
				E2772552219B3350007D85C8 /* SquareReplicatorViewController.swift in Sources */,
				E2A349F21E66D1BC0058FFFD /* AppDelegate.swift in Sources */,
				E29CAFDB21AC060E006C3532 /* ZoomAnimatedTransitioning.swift in Sources */,
				E2772542219B31F2007D85C8 /* CircleMenu.swift in Sources */,
				E2FB82761E66DD1600F5F15C /* NotifyButton.swift in Sources */,
				E2772559219B3600007D85C8 /* PacmanLayer.swift in Sources */,
				E2EF1CB6219F007900608828 /* InfiniteSpinnerView.swift in Sources */,
				E277254A219B32D5007D85C8 /* AtomLikeView.swift in Sources */,
				E2F608951E8289F500E374D9 /* ShareTypeButton.swift in Sources */,
				E2573BDA1E89133500F5B329 /* MorphReplicator.swift in Sources */,
				E21E0CF21E8E68C30073BC12 /* CircleActivityIndicator.swift in Sources */,
				E2772537219B2F94007D85C8 /* ConnectionSearchView.swift in Sources */,
				E215EF1A1E7C34C800B29E9F /* ShareButton.swift in Sources */,
				E276F79821B6DD5D00DA7D20 /* WWDC_CustomTransitionInitialViewController.swift in Sources */,
				E2772526219AE2B6007D85C8 /* AnimationsListViewController.swift in Sources */,
				E2E67B8121ADA40700545448 /* CustomNavigationControlerDelegate.swift in Sources */,
				E2772539219B2FA6007D85C8 /* ConnectionSearchViewController.swift in Sources */,
				E20A269D1E8AAE6600D31CE3 /* HeartPulseReplicator.swift in Sources */,
				E276F79A21B6DD6E00DA7D20 /* WWDC_CustomTransitionFinalViewController.swift in Sources */,
				E277253B219B304B007D85C8 /* CALayer.swift in Sources */,
				E2772551219B3350007D85C8 /* SquareReplicatorLoaderView.swift in Sources */,
				E2E1720221A3032100F1B272 /* SearchField.swift in Sources */,
				E2F608931E7FED2F00E374D9 /* Animatable.swift in Sources */,
				E2772541219B31F2007D85C8 /* CircleMenuActionButton.swift in Sources */,
				E2772557219B359D007D85C8 /* PacmanViewController.swift in Sources */,
				E2772544219B3253007D85C8 /* CGRect.swift in Sources */,
				E2772560219C35F2007D85C8 /* AppLoaderView.swift in Sources */,
				E2E171FE219F24B800F1B272 /* SearchButton.swift in Sources */,
				E277254B219B32D5007D85C8 /* AtomLikeViewController.swift in Sources */,
				E2772528219AE404007D85C8 /* AnimationsListDataSource.swift in Sources */,
			);
			runOnlyForDeploymentPostprocessing = 0;
		};
		E2A349FE1E66D1BC0058FFFD /* Sources */ = {
			isa = PBXSourcesBuildPhase;
			buildActionMask = 2147483647;
			files = (
				E2A34A071E66D1BC0058FFFD /* AnimationsTests.swift in Sources */,
			);
			runOnlyForDeploymentPostprocessing = 0;
		};
/* End PBXSourcesBuildPhase section */

/* Begin PBXTargetDependency section */
		E2A34A041E66D1BC0058FFFD /* PBXTargetDependency */ = {
			isa = PBXTargetDependency;
			target = E2A349ED1E66D1BC0058FFFD /* Animations */;
			targetProxy = E2A34A031E66D1BC0058FFFD /* PBXContainerItemProxy */;
		};
/* End PBXTargetDependency section */

/* Begin PBXVariantGroup section */
		E2A349F51E66D1BC0058FFFD /* Main.storyboard */ = {
			isa = PBXVariantGroup;
			children = (
				E2A349F61E66D1BC0058FFFD /* Base */,
			);
			name = Main.storyboard;
			sourceTree = "<group>";
		};
		E2A349FA1E66D1BC0058FFFD /* LaunchScreen.storyboard */ = {
			isa = PBXVariantGroup;
			children = (
				E2A349FB1E66D1BC0058FFFD /* Base */,
			);
			name = LaunchScreen.storyboard;
			sourceTree = "<group>";
		};
/* End PBXVariantGroup section */

/* Begin XCBuildConfiguration section */
		E2A34A091E66D1BC0058FFFD /* Debug */ = {
			isa = XCBuildConfiguration;
			buildSettings = {
				ALWAYS_SEARCH_USER_PATHS = NO;
				CLANG_ANALYZER_NONNULL = YES;
				CLANG_CXX_LANGUAGE_STANDARD = "gnu++0x";
				CLANG_CXX_LIBRARY = "libc++";
				CLANG_ENABLE_MODULES = YES;
				CLANG_ENABLE_OBJC_ARC = YES;
				CLANG_WARN_BOOL_CONVERSION = YES;
				CLANG_WARN_CONSTANT_CONVERSION = YES;
				CLANG_WARN_DIRECT_OBJC_ISA_USAGE = YES_ERROR;
				CLANG_WARN_DOCUMENTATION_COMMENTS = YES;
				CLANG_WARN_EMPTY_BODY = YES;
				CLANG_WARN_ENUM_CONVERSION = YES;
				CLANG_WARN_INFINITE_RECURSION = YES;
				CLANG_WARN_INT_CONVERSION = YES;
				CLANG_WARN_OBJC_ROOT_CLASS = YES_ERROR;
				CLANG_WARN_SUSPICIOUS_MOVE = YES;
				CLANG_WARN_UNREACHABLE_CODE = YES;
				CLANG_WARN__DUPLICATE_METHOD_MATCH = YES;
				"CODE_SIGN_IDENTITY[sdk=iphoneos*]" = "iPhone Developer";
				COPY_PHASE_STRIP = NO;
				DEBUG_INFORMATION_FORMAT = dwarf;
				ENABLE_STRICT_OBJC_MSGSEND = YES;
				ENABLE_TESTABILITY = YES;
				GCC_C_LANGUAGE_STANDARD = gnu99;
				GCC_DYNAMIC_NO_PIC = NO;
				GCC_NO_COMMON_BLOCKS = YES;
				GCC_OPTIMIZATION_LEVEL = 0;
				GCC_PREPROCESSOR_DEFINITIONS = (
					"DEBUG=1",
					"$(inherited)",
				);
				GCC_WARN_64_TO_32_BIT_CONVERSION = YES;
				GCC_WARN_ABOUT_RETURN_TYPE = YES_ERROR;
				GCC_WARN_UNDECLARED_SELECTOR = YES;
				GCC_WARN_UNINITIALIZED_AUTOS = YES_AGGRESSIVE;
				GCC_WARN_UNUSED_FUNCTION = YES;
				GCC_WARN_UNUSED_VARIABLE = YES;
				IPHONEOS_DEPLOYMENT_TARGET = 10.2;
				MTL_ENABLE_DEBUG_INFO = YES;
				ONLY_ACTIVE_ARCH = YES;
				SDKROOT = iphoneos;
				SWIFT_ACTIVE_COMPILATION_CONDITIONS = DEBUG;
				SWIFT_OPTIMIZATION_LEVEL = "-Onone";
				TARGETED_DEVICE_FAMILY = "1,2";
			};
			name = Debug;
		};
		E2A34A0A1E66D1BC0058FFFD /* Release */ = {
			isa = XCBuildConfiguration;
			buildSettings = {
				ALWAYS_SEARCH_USER_PATHS = NO;
				CLANG_ANALYZER_NONNULL = YES;
				CLANG_CXX_LANGUAGE_STANDARD = "gnu++0x";
				CLANG_CXX_LIBRARY = "libc++";
				CLANG_ENABLE_MODULES = YES;
				CLANG_ENABLE_OBJC_ARC = YES;
				CLANG_WARN_BOOL_CONVERSION = YES;
				CLANG_WARN_CONSTANT_CONVERSION = YES;
				CLANG_WARN_DIRECT_OBJC_ISA_USAGE = YES_ERROR;
				CLANG_WARN_DOCUMENTATION_COMMENTS = YES;
				CLANG_WARN_EMPTY_BODY = YES;
				CLANG_WARN_ENUM_CONVERSION = YES;
				CLANG_WARN_INFINITE_RECURSION = YES;
				CLANG_WARN_INT_CONVERSION = YES;
				CLANG_WARN_OBJC_ROOT_CLASS = YES_ERROR;
				CLANG_WARN_SUSPICIOUS_MOVE = YES;
				CLANG_WARN_UNREACHABLE_CODE = YES;
				CLANG_WARN__DUPLICATE_METHOD_MATCH = YES;
				"CODE_SIGN_IDENTITY[sdk=iphoneos*]" = "iPhone Developer";
				COPY_PHASE_STRIP = NO;
				DEBUG_INFORMATION_FORMAT = "dwarf-with-dsym";
				ENABLE_NS_ASSERTIONS = NO;
				ENABLE_STRICT_OBJC_MSGSEND = YES;
				GCC_C_LANGUAGE_STANDARD = gnu99;
				GCC_NO_COMMON_BLOCKS = YES;
				GCC_WARN_64_TO_32_BIT_CONVERSION = YES;
				GCC_WARN_ABOUT_RETURN_TYPE = YES_ERROR;
				GCC_WARN_UNDECLARED_SELECTOR = YES;
				GCC_WARN_UNINITIALIZED_AUTOS = YES_AGGRESSIVE;
				GCC_WARN_UNUSED_FUNCTION = YES;
				GCC_WARN_UNUSED_VARIABLE = YES;
				IPHONEOS_DEPLOYMENT_TARGET = 10.2;
				MTL_ENABLE_DEBUG_INFO = NO;
				SDKROOT = iphoneos;
				SWIFT_OPTIMIZATION_LEVEL = "-Owholemodule";
				TARGETED_DEVICE_FAMILY = "1,2";
				VALIDATE_PRODUCT = YES;
			};
			name = Release;
		};
		E2A34A0C1E66D1BC0058FFFD /* Debug */ = {
			isa = XCBuildConfiguration;
			buildSettings = {
				ASSETCATALOG_COMPILER_APPICON_NAME = AppIcon;
				DEVELOPMENT_TEAM = R2EXFBAHGS;
				INFOPLIST_FILE = Animations/Info.plist;
				LD_RUNPATH_SEARCH_PATHS = "$(inherited) @executable_path/Frameworks";
				PRODUCT_BUNDLE_IDENTIFIER = com.renal.anim.Animations;
				PRODUCT_NAME = "$(TARGET_NAME)";
				SWIFT_VERSION = 4.0;
			};
			name = Debug;
		};
		E2A34A0D1E66D1BC0058FFFD /* Release */ = {
			isa = XCBuildConfiguration;
			buildSettings = {
				ASSETCATALOG_COMPILER_APPICON_NAME = AppIcon;
				DEVELOPMENT_TEAM = R2EXFBAHGS;
				INFOPLIST_FILE = Animations/Info.plist;
				LD_RUNPATH_SEARCH_PATHS = "$(inherited) @executable_path/Frameworks";
				PRODUCT_BUNDLE_IDENTIFIER = com.renal.anim.Animations;
				PRODUCT_NAME = "$(TARGET_NAME)";
				SWIFT_VERSION = 4.0;
			};
			name = Release;
		};
		E2A34A0F1E66D1BC0058FFFD /* Debug */ = {
			isa = XCBuildConfiguration;
			buildSettings = {
				ALWAYS_EMBED_SWIFT_STANDARD_LIBRARIES = YES;
				BUNDLE_LOADER = "$(TEST_HOST)";
				DEVELOPMENT_TEAM = R2EXFBAHGS;
				INFOPLIST_FILE = AnimationsTests/Info.plist;
				LD_RUNPATH_SEARCH_PATHS = "$(inherited) @executable_path/Frameworks @loader_path/Frameworks";
				PRODUCT_BUNDLE_IDENTIFIER = com.renal.anim.AnimationsTests;
				PRODUCT_NAME = "$(TARGET_NAME)";
				SWIFT_VERSION = 3.0;
				TEST_HOST = "$(BUILT_PRODUCTS_DIR)/Animations.app/Animations";
			};
			name = Debug;
		};
		E2A34A101E66D1BC0058FFFD /* Release */ = {
			isa = XCBuildConfiguration;
			buildSettings = {
				ALWAYS_EMBED_SWIFT_STANDARD_LIBRARIES = YES;
				BUNDLE_LOADER = "$(TEST_HOST)";
				DEVELOPMENT_TEAM = R2EXFBAHGS;
				INFOPLIST_FILE = AnimationsTests/Info.plist;
				LD_RUNPATH_SEARCH_PATHS = "$(inherited) @executable_path/Frameworks @loader_path/Frameworks";
				PRODUCT_BUNDLE_IDENTIFIER = com.renal.anim.AnimationsTests;
				PRODUCT_NAME = "$(TARGET_NAME)";
				SWIFT_VERSION = 3.0;
				TEST_HOST = "$(BUILT_PRODUCTS_DIR)/Animations.app/Animations";
			};
			name = Release;
		};
/* End XCBuildConfiguration section */

/* Begin XCConfigurationList section */
		E2A349E91E66D1BC0058FFFD /* Build configuration list for PBXProject "Animations" */ = {
			isa = XCConfigurationList;
			buildConfigurations = (
				E2A34A091E66D1BC0058FFFD /* Debug */,
				E2A34A0A1E66D1BC0058FFFD /* Release */,
			);
			defaultConfigurationIsVisible = 0;
			defaultConfigurationName = Release;
		};
		E2A34A0B1E66D1BC0058FFFD /* Build configuration list for PBXNativeTarget "Animations" */ = {
			isa = XCConfigurationList;
			buildConfigurations = (
				E2A34A0C1E66D1BC0058FFFD /* Debug */,
				E2A34A0D1E66D1BC0058FFFD /* Release */,
			);
			defaultConfigurationIsVisible = 0;
			defaultConfigurationName = Release;
		};
		E2A34A0E1E66D1BC0058FFFD /* Build configuration list for PBXNativeTarget "AnimationsTests" */ = {
			isa = XCConfigurationList;
			buildConfigurations = (
				E2A34A0F1E66D1BC0058FFFD /* Debug */,
				E2A34A101E66D1BC0058FFFD /* Release */,
			);
			defaultConfigurationIsVisible = 0;
			defaultConfigurationName = Release;
		};
/* End XCConfigurationList section */
	};
	rootObject = E2A349E61E66D1BC0058FFFD /* Project object */;
}
